{
  "nodes": {
    "flake-utils": {
      "locked": {
        "narHash": "sha256-JHgasjPR0/J1J3DRm4KxM4zTyAj4IOJY8vIl75v/kPI=",
        "type": "tarball",
        "url": "https://github.com/numtide/flake-utils/archive/997f7efcb746a9c140ce1f13c72263189225f482.tar.gz"
      },
      "original": {
        "type": "tarball",
        "url": "https://github.com/numtide/flake-utils/archive/997f7efcb746a9c140ce1f13c72263189225f482.tar.gz"
      }
    },
    "niv": {
      "flake": false,
      "locked": {
        "narHash": "sha256-/VdWMwpP8GJom/2aW/U7sh7Ev1MOedvW7sNa1AK0Cd8=",
        "type": "tarball",
        "url": "https://github.com/nmattia/niv/archive/e0ca65c81a2d7a4d82a189f1e23a48d59ad42070.tar.gz"
      },
      "original": {
        "type": "tarball",
        "url": "https://github.com/nmattia/niv/archive/e0ca65c81a2d7a4d82a189f1e23a48d59ad42070.tar.gz"
      }
    },
    "nixos-config": {
      "flake": false,
      "locked": {
        "narHash": "sha256-797K5XgbwZfUGQCCCkfkvUtfsDU2RTTvB/AkG4IKrXg=",
        "type": "tarball",
        "url": "https://github.com/crazazy/nixos-config/archive/8e318c8773d0f8bed690a96ff9b74ce5f9d64d07.tar.gz"
      },
      "original": {
        "type": "tarball",
        "url": "https://github.com/crazazy/nixos-config/archive/8e318c8773d0f8bed690a96ff9b74ce5f9d64d07.tar.gz"
      }
    },
    "nixpkgs": {
      "locked": {
        "narHash": "sha256-pys6cebTmrZ7FHT4JUAFl4wk2IBff9aDE3hD6BcPYho=",
        "type": "tarball",
        "url": "https://github.com/NixOS/nixpkgs/archive/eb73405ecceb1dc505b7cbbd234f8f94165e2696.tar.gz"
      },
      "original": {
        "type": "tarball",
        "url": "https://github.com/NixOS/nixpkgs/archive/eb73405ecceb1dc505b7cbbd234f8f94165e2696.tar.gz"
      }
    },
    "root": {
      "inputs": {
        "flake-utils": "flake-utils",
        "niv": "niv",
        "nixos-config": "nixos-config",
        "nixpkgs": "nixpkgs"
      }
    }
  },
  "root": "root",
  "version": 7
}
